
Microsoft Visual Studio Solution File, Format Version 12.00
# Visual Studio Version 17
VisualStudioVersion = 17.1.32421.90
MinimumVisualStudioVersion = 10.0.40219.1
Project("{FAE04EC0-301F-11D3-BF4B-00C04F79EFBC}") = "BankApp", "BankApp.csproj", "{962329F9-5383-473A-A19E-20C7058ABF97}"
EndProject
Project("{FAE04EC0-301F-11D3-BF4B-00C04F79EFBC}") = "BankApplicationTest", "BankApplicationTest\BankApplicationTest.csproj", "{B975A0A2-E584-4198-9A74-76C5A1E28DB8}"
EndProject
Global
	GlobalSection(SolutionConfigurationPlatforms) = preSolution
		Debug|Any CPU = Debug|Any CPU
		Release|Any CPU = Release|Any CPU
	EndGlobalSection
	GlobalSection(ProjectConfigurationPlatforms) = postSolution
		{962329F9-5383-473A-A19E-20C7058ABF97}.Debug|Any CPU.ActiveCfg = Debug|Any CPU
		{962329F9-5383-473A-A19E-20C7058ABF97}.Debug|Any CPU.Build.0 = Debug|Any CPU
		{962329F9-5383-473A-A19E-20C7058ABF97}.Release|Any CPU.ActiveCfg = Release|Any CPU
		{962329F9-5383-473A-A19E-20C7058ABF97}.Release|Any CPU.Build.0 = Release|Any CPU
		{B975A0A2-E584-4198-9A74-76C5A1E28DB8}.Debug|Any CPU.ActiveCfg = Debug|Any CPU
		{B975A0A2-E584-4198-9A74-76C5A1E28DB8}.Debug|Any CPU.Build.0 = Debug|Any CPU
		{B975A0A2-E584-4198-9A74-76C5A1E28DB8}.Release|Any CPU.ActiveCfg = Release|Any CPU
		{B975A0A2-E584-4198-9A74-76C5A1E28DB8}.Release|Any CPU.Build.0 = Release|Any CPU
	EndGlobalSection
	GlobalSection(SolutionProperties) = preSolution
		HideSolutionNode = FALSE
	EndGlobalSection
	GlobalSection(ExtensibilityGlobals) = postSolution
		SolutionGuid = {27F0DCB7-153A-4D15-BD4B-3CA05C5BFABC}
	EndGlobalSection
EndGlobal
